{
    "doctrine/data-fixtures": {
        "version": "1.5.2"
    },
    "fakerphp/faker": {
        "version": "v1.19.0"
    },
    "hautelook/alice-bundle": {
        "version": "2.10",
        "recipe": {
            "repo": "github.com/symfony/recipes",
            "branch": "master",
            "version": "2.1",
            "ref": "ff94d76b2ec0c552b5d67d401f59ab8fd62f3d5f"
        },
        "files": [
            "config/packages/dev/hautelook_alice.yaml",
            "config/packages/test/hautelook_alice.yaml",
            "fixtures/.gitignore"
        ]
    },
    "nelmio/alice": {
        "version": "3.10",
        "recipe": {
            "repo": "github.com/symfony/recipes",
            "branch": "master",
            "version": "3.2",
            "ref": "0b9900ece737bec7752e4155c0164639dd9b0cb0"
        },
        "files": [
            "config/packages/dev/nelmio_alice.yaml",
            "config/packages/test/nelmio_alice.yaml"
        ]
    },
    "theofidry/alice-data-fixtures": {
        "version": "1.5",
        "recipe": {
            "repo": "github.com/symfony/recipes",
            "branch": "master",
            "version": "1.0",
            "ref": "fe5a50faf580eb58f08ada2abe8afbd2d4941e05"
        }
    }
}
